
Microsoft Visual Studio Solution File, Format Version 12.00
# Visual Studio Version 17
VisualStudioVersion = 17.8.34330.188
MinimumVisualStudioVersion = 10.0.40219.1
Project("{FAE04EC0-301F-11D3-BF4B-00C04F79EFBC}") = "TypingTest", "TypingTest.csproj", "{65EA3497-C331-4488-B9CD-9F38452BA6B1}"
EndProject
Global
	GlobalSection(SolutionConfigurationPlatforms) = preSolution
		Debug|Any CPU = Debug|Any CPU
		Release|Any CPU = Release|Any CPU
	EndGlobalSection
	GlobalSection(ProjectConfigurationPlatforms) = postSolution
		{65EA3497-C331-4488-B9CD-9F38452BA6B1}.Debug|Any CPU.ActiveCfg = Debug|Any CPU
		{65EA3497-C331-4488-B9CD-9F38452BA6B1}.Debug|Any CPU.Build.0 = Debug|Any CPU
		{65EA3497-C331-4488-B9CD-9F38452BA6B1}.Release|Any CPU.ActiveCfg = Release|Any CPU
		{65EA3497-C331-4488-B9CD-9F38452BA6B1}.Release|Any CPU.Build.0 = Release|Any CPU
	EndGlobalSection
	GlobalSection(SolutionProperties) = preSolution
		HideSolutionNode = FALSE
	EndGlobalSection
	GlobalSection(ExtensibilityGlobals) = postSolution
		SolutionGuid = {A5E97BFC-D890-4226-9EF6-253BCC916F2B}
	EndGlobalSection
EndGlobal
